// !$*UTF8*$!
{
	archiveVersion = 1;
	classes = {
	};
	objectVersion = 56;
	objects = {

/* Begin PBXBuildFile section */
		840BCC36296EC07F00738A06 /* PDFViewSaved.swift in Sources */ = {isa = PBXBuildFile; fileRef = 840BCC35296EC07F00738A06 /* PDFViewSaved.swift */; };
		840BCC39296FC0DD00738A06 /* MailViewModel.swift in Sources */ = {isa = PBXBuildFile; fileRef = 840BCC38296FC0DD00738A06 /* MailViewModel.swift */; };
		841701BA2940A4C100FA9658 /* Time_TrackerApp.swift in Sources */ = {isa = PBXBuildFile; fileRef = 841701B92940A4C100FA9658 /* Time_TrackerApp.swift */; };
		841701BC2940A4C100FA9658 /* HomeView.swift in Sources */ = {isa = PBXBuildFile; fileRef = 841701BB2940A4C100FA9658 /* HomeView.swift */; };
		841701BE2940A4C300FA9658 /* Assets.xcassets in Resources */ = {isa = PBXBuildFile; fileRef = 841701BD2940A4C300FA9658 /* Assets.xcassets */; };
		841701C12940A4C300FA9658 /* Preview Assets.xcassets in Resources */ = {isa = PBXBuildFile; fileRef = 841701C02940A4C300FA9658 /* Preview Assets.xcassets */; };
		841701C82940A50200FA9658 /* DataController.swift in Sources */ = {isa = PBXBuildFile; fileRef = 841701C72940A50200FA9658 /* DataController.swift */; };
		841701CB2940A5DF00FA9658 /* Time Tracker.xcdatamodeld in Sources */ = {isa = PBXBuildFile; fileRef = 841701C92940A5DF00FA9658 /* Time Tracker.xcdatamodeld */; };
		841701D12941937500FA9658 /* MainDetailView.swift in Sources */ = {isa = PBXBuildFile; fileRef = 841701D02941937500FA9658 /* MainDetailView.swift */; };
		841701D3294196EC00FA9658 /* AddNewEmployeeView.swift in Sources */ = {isa = PBXBuildFile; fileRef = 841701D2294196EC00FA9658 /* AddNewEmployeeView.swift */; };
		841701D52941AE1F00FA9658 /* SavedTimecardDetailView.swift in Sources */ = {isa = PBXBuildFile; fileRef = 841701D42941AE1F00FA9658 /* SavedTimecardDetailView.swift */; };
		841701D72941C62F00FA9658 /* AddTimeCardView.swift in Sources */ = {isa = PBXBuildFile; fileRef = 841701D62941C62F00FA9658 /* AddTimeCardView.swift */; };
		841701D9294204D000FA9658 /* DailyDetailView.swift in Sources */ = {isa = PBXBuildFile; fileRef = 841701D8294204D000FA9658 /* DailyDetailView.swift */; };
		8422883F2946DC6F00467096 /* TimecardEditView.swift in Sources */ = {isa = PBXBuildFile; fileRef = 8422883E2946DC6F00467096 /* TimecardEditView.swift */; };
		842288412947302A00467096 /* TimecardModel.swift in Sources */ = {isa = PBXBuildFile; fileRef = 842288402947302A00467096 /* TimecardModel.swift */; };
		843345002952FBA200E79DBE /* HCard.swift in Sources */ = {isa = PBXBuildFile; fileRef = 843344FF2952FBA200E79DBE /* HCard.swift */; };
		844D23A5295CE82E00AD5191 /* SavedTimecardEditView.swift in Sources */ = {isa = PBXBuildFile; fileRef = 844D23A4295CE82E00AD5191 /* SavedTimecardEditView.swift */; };
		844F28742983926B007A075E /* ProjectStreetViewModel.swift in Sources */ = {isa = PBXBuildFile; fileRef = 844F28732983926B007A075E /* ProjectStreetViewModel.swift */; };
		84794649297930DA000FFBB9 /* Project.swift in Sources */ = {isa = PBXBuildFile; fileRef = 84794648297930DA000FFBB9 /* Project.swift */; };
		8479464B297A5E97000FFBB9 /* CreateProjectView.swift in Sources */ = {isa = PBXBuildFile; fileRef = 8479464A297A5E97000FFBB9 /* CreateProjectView.swift */; };
		8479464D297CF3D8000FFBB9 /* CreateProjectMapView.swift in Sources */ = {isa = PBXBuildFile; fileRef = 8479464C297CF3D8000FFBB9 /* CreateProjectMapView.swift */; };
		8479465429834390000FFBB9 /* ProjectView.swift in Sources */ = {isa = PBXBuildFile; fileRef = 8479465329834390000FFBB9 /* ProjectView.swift */; };
		8479465629837A92000FFBB9 /* CheckInView.swift in Sources */ = {isa = PBXBuildFile; fileRef = 8479465529837A92000FFBB9 /* CheckInView.swift */; };
		847A3CC5296D123800BF6793 /* MapViewModel.swift in Sources */ = {isa = PBXBuildFile; fileRef = 847A3CC4296D123800BF6793 /* MapViewModel.swift */; };
		847A3CCB296D12B900BF6793 /* MapViewTimeLine.swift in Sources */ = {isa = PBXBuildFile; fileRef = 847A3CCA296D12B900BF6793 /* MapViewTimeLine.swift */; };
		847A3CCD296D134C00BF6793 /* ObserverModel.swift in Sources */ = {isa = PBXBuildFile; fileRef = 847A3CCC296D134C00BF6793 /* ObserverModel.swift */; };
		847A3CD3296D143000BF6793 /* UserProfileRepository.swift in Sources */ = {isa = PBXBuildFile; fileRef = 847A3CD2296D143000BF6793 /* UserProfileRepository.swift */; };
		847A3CD6296D147E00BF6793 /* UserDetailView.swift in Sources */ = {isa = PBXBuildFile; fileRef = 847A3CD5296D147E00BF6793 /* UserDetailView.swift */; };
		847A3CD8296D149E00BF6793 /* UserListView.swift in Sources */ = {isa = PBXBuildFile; fileRef = 847A3CD7296D149E00BF6793 /* UserListView.swift */; };
		847A3CDB296D14EC00BF6793 /* AuthenticationService.swift in Sources */ = {isa = PBXBuildFile; fileRef = 847A3CDA296D14EC00BF6793 /* AuthenticationService.swift */; };
		847A3CDD296D157300BF6793 /* UserNotifications.swift in Sources */ = {isa = PBXBuildFile; fileRef = 847A3CDC296D157300BF6793 /* UserNotifications.swift */; };
		847A3CDF296D15C400BF6793 /* LoginViewModel.swift in Sources */ = {isa = PBXBuildFile; fileRef = 847A3CDE296D15C400BF6793 /* LoginViewModel.swift */; };
		847A3CE1296D15F200BF6793 /* RegisterViewModel.swift in Sources */ = {isa = PBXBuildFile; fileRef = 847A3CE0296D15F200BF6793 /* RegisterViewModel.swift */; };
		847A3CE3296D163300BF6793 /* AuthViewModel.swift in Sources */ = {isa = PBXBuildFile; fileRef = 847A3CE2296D163300BF6793 /* AuthViewModel.swift */; };
		847A3CE5296D169600BF6793 /* MotherView.swift in Sources */ = {isa = PBXBuildFile; fileRef = 847A3CE4296D169600BF6793 /* MotherView.swift */; };
		847A3CE8296D184200BF6793 /* TabBarView.swift in Sources */ = {isa = PBXBuildFile; fileRef = 847A3CE7296D184200BF6793 /* TabBarView.swift */; };
		847A3CEC296D192800BF6793 /* SettingsPage.swift in Sources */ = {isa = PBXBuildFile; fileRef = 847A3CEB296D192800BF6793 /* SettingsPage.swift */; };
		847A3CEE296D198F00BF6793 /* LoginPage.swift in Sources */ = {isa = PBXBuildFile; fileRef = 847A3CED296D198F00BF6793 /* LoginPage.swift */; };
		847A3CF0296D19E200BF6793 /* RegisterPage.swift in Sources */ = {isa = PBXBuildFile; fileRef = 847A3CEF296D19E200BF6793 /* RegisterPage.swift */; };
		847A3CF2296D5B7300BF6793 /* SavedWeeklyCard.swift in Sources */ = {isa = PBXBuildFile; fileRef = 847A3CF1296D5B7300BF6793 /* SavedWeeklyCard.swift */; };
		848008DF296D10360014CDF9 /* GoogleService-Info.plist in Resources */ = {isa = PBXBuildFile; fileRef = 848008DE296D10360014CDF9 /* GoogleService-Info.plist */; };
		8499C33B2955A61D00522178 /* PdfView.swift in Sources */ = {isa = PBXBuildFile; fileRef = 8499C33A2955A61D00522178 /* PdfView.swift */; };
		8499C33D2955B6F300522178 /* Extensions.swift in Sources */ = {isa = PBXBuildFile; fileRef = 8499C33C2955B6F300522178 /* Extensions.swift */; };
		8499C33F2956C20F00522178 /* Timecard.swift in Sources */ = {isa = PBXBuildFile; fileRef = 8499C33E2956C20F00522178 /* Timecard.swift */; };
		8499C3422956CD0F00522178 /* TotalsCard.swift in Sources */ = {isa = PBXBuildFile; fileRef = 8499C3412956CD0F00522178 /* TotalsCard.swift */; };
		8499C3442956DC5700522178 /* ExpenseCard.swift in Sources */ = {isa = PBXBuildFile; fileRef = 8499C3432956DC5700522178 /* ExpenseCard.swift */; };
		849C83912950624700132B03 /* ImagePickerView.swift in Sources */ = {isa = PBXBuildFile; fileRef = 849C83902950624700132B03 /* ImagePickerView.swift */; };
		849C83942950636100132B03 /* Coordinator.swift in Sources */ = {isa = PBXBuildFile; fileRef = 849C83932950636100132B03 /* Coordinator.swift */; };
		84B6222C296D098400567125 /* ViewRouter.swift in Sources */ = {isa = PBXBuildFile; fileRef = 84B6222B296D098400567125 /* ViewRouter.swift */; };
		F7C20B68A44BCF132E05BA5A /* Pods_Time_Tracker.framework in Frameworks */ = {isa = PBXBuildFile; fileRef = 9F865BFFB60107AAE0492A9F /* Pods_Time_Tracker.framework */; };
/* End PBXBuildFile section */

/* Begin PBXFileReference section */
		840BCC35296EC07F00738A06 /* PDFViewSaved.swift */ = {isa = PBXFileReference; lastKnownFileType = sourcecode.swift; path = PDFViewSaved.swift; sourceTree = "<group>"; };
		840BCC38296FC0DD00738A06 /* MailViewModel.swift */ = {isa = PBXFileReference; lastKnownFileType = sourcecode.swift; path = MailViewModel.swift; sourceTree = "<group>"; };
		841701B62940A4C100FA9658 /* Time Tracker.app */ = {isa = PBXFileReference; explicitFileType = wrapper.application; includeInIndex = 0; path = "Time Tracker.app"; sourceTree = BUILT_PRODUCTS_DIR; };
		841701B92940A4C100FA9658 /* Time_TrackerApp.swift */ = {isa = PBXFileReference; lastKnownFileType = sourcecode.swift; path = Time_TrackerApp.swift; sourceTree = "<group>"; };
		841701BB2940A4C100FA9658 /* HomeView.swift */ = {isa = PBXFileReference; lastKnownFileType = sourcecode.swift; path = HomeView.swift; sourceTree = "<group>"; };
		841701BD2940A4C300FA9658 /* Assets.xcassets */ = {isa = PBXFileReference; lastKnownFileType = folder.assetcatalog; path = Assets.xcassets; sourceTree = "<group>"; };
		841701C02940A4C300FA9658 /* Preview Assets.xcassets */ = {isa = PBXFileReference; lastKnownFileType = folder.assetcatalog; path = "Preview Assets.xcassets"; sourceTree = "<group>"; };
		841701C72940A50200FA9658 /* DataController.swift */ = {isa = PBXFileReference; lastKnownFileType = sourcecode.swift; path = DataController.swift; sourceTree = "<group>"; };
		841701CA2940A5DF00FA9658 /* Time Tracker.xcdatamodel */ = {isa = PBXFileReference; lastKnownFileType = wrapper.xcdatamodel; path = "Time Tracker.xcdatamodel"; sourceTree = "<group>"; };
		841701D02941937500FA9658 /* MainDetailView.swift */ = {isa = PBXFileReference; lastKnownFileType = sourcecode.swift; path = MainDetailView.swift; sourceTree = "<group>"; };
		841701D2294196EC00FA9658 /* AddNewEmployeeView.swift */ = {isa = PBXFileReference; lastKnownFileType = sourcecode.swift; path = AddNewEmployeeView.swift; sourceTree = "<group>"; };
		841701D42941AE1F00FA9658 /* SavedTimecardDetailView.swift */ = {isa = PBXFileReference; lastKnownFileType = sourcecode.swift; path = SavedTimecardDetailView.swift; sourceTree = "<group>"; };
		841701D62941C62F00FA9658 /* AddTimeCardView.swift */ = {isa = PBXFileReference; lastKnownFileType = sourcecode.swift; path = AddTimeCardView.swift; sourceTree = "<group>"; };
		841701D8294204D000FA9658 /* DailyDetailView.swift */ = {isa = PBXFileReference; lastKnownFileType = sourcecode.swift; path = DailyDetailView.swift; sourceTree = "<group>"; };
		8422883E2946DC6F00467096 /* TimecardEditView.swift */ = {isa = PBXFileReference; lastKnownFileType = sourcecode.swift; path = TimecardEditView.swift; sourceTree = "<group>"; };
		842288402947302A00467096 /* TimecardModel.swift */ = {isa = PBXFileReference; lastKnownFileType = sourcecode.swift; path = TimecardModel.swift; sourceTree = "<group>"; };
		843344FF2952FBA200E79DBE /* HCard.swift */ = {isa = PBXFileReference; fileEncoding = 4; lastKnownFileType = sourcecode.swift; path = HCard.swift; sourceTree = "<group>"; };
		844D23A4295CE82E00AD5191 /* SavedTimecardEditView.swift */ = {isa = PBXFileReference; lastKnownFileType = sourcecode.swift; path = SavedTimecardEditView.swift; sourceTree = "<group>"; };
		844F28732983926B007A075E /* ProjectStreetViewModel.swift */ = {isa = PBXFileReference; lastKnownFileType = sourcecode.swift; path = ProjectStreetViewModel.swift; sourceTree = "<group>"; };
		84794648297930DA000FFBB9 /* Project.swift */ = {isa = PBXFileReference; lastKnownFileType = sourcecode.swift; path = Project.swift; sourceTree = "<group>"; };
		8479464A297A5E97000FFBB9 /* CreateProjectView.swift */ = {isa = PBXFileReference; lastKnownFileType = sourcecode.swift; path = CreateProjectView.swift; sourceTree = "<group>"; };
		8479464C297CF3D8000FFBB9 /* CreateProjectMapView.swift */ = {isa = PBXFileReference; lastKnownFileType = sourcecode.swift; path = CreateProjectMapView.swift; sourceTree = "<group>"; };
		8479465329834390000FFBB9 /* ProjectView.swift */ = {isa = PBXFileReference; lastKnownFileType = sourcecode.swift; path = ProjectView.swift; sourceTree = "<group>"; };
		8479465529837A92000FFBB9 /* CheckInView.swift */ = {isa = PBXFileReference; lastKnownFileType = sourcecode.swift; path = CheckInView.swift; sourceTree = "<group>"; };
		847A3CC4296D123800BF6793 /* MapViewModel.swift */ = {isa = PBXFileReference; lastKnownFileType = sourcecode.swift; path = MapViewModel.swift; sourceTree = "<group>"; };
		847A3CCA296D12B900BF6793 /* MapViewTimeLine.swift */ = {isa = PBXFileReference; lastKnownFileType = sourcecode.swift; path = MapViewTimeLine.swift; sourceTree = "<group>"; };
		847A3CCC296D134C00BF6793 /* ObserverModel.swift */ = {isa = PBXFileReference; lastKnownFileType = sourcecode.swift; path = ObserverModel.swift; sourceTree = "<group>"; };
		847A3CD2296D143000BF6793 /* UserProfileRepository.swift */ = {isa = PBXFileReference; lastKnownFileType = sourcecode.swift; path = UserProfileRepository.swift; sourceTree = "<group>"; };
		847A3CD5296D147E00BF6793 /* UserDetailView.swift */ = {isa = PBXFileReference; lastKnownFileType = sourcecode.swift; path = UserDetailView.swift; sourceTree = "<group>"; };
		847A3CD7296D149E00BF6793 /* UserListView.swift */ = {isa = PBXFileReference; lastKnownFileType = sourcecode.swift; path = UserListView.swift; sourceTree = "<group>"; };
		847A3CDA296D14EC00BF6793 /* AuthenticationService.swift */ = {isa = PBXFileReference; lastKnownFileType = sourcecode.swift; path = AuthenticationService.swift; sourceTree = "<group>"; };
		847A3CDC296D157300BF6793 /* UserNotifications.swift */ = {isa = PBXFileReference; lastKnownFileType = sourcecode.swift; path = UserNotifications.swift; sourceTree = "<group>"; };
		847A3CDE296D15C400BF6793 /* LoginViewModel.swift */ = {isa = PBXFileReference; lastKnownFileType = sourcecode.swift; path = LoginViewModel.swift; sourceTree = "<group>"; };
		847A3CE0296D15F200BF6793 /* RegisterViewModel.swift */ = {isa = PBXFileReference; lastKnownFileType = sourcecode.swift; path = RegisterViewModel.swift; sourceTree = "<group>"; };
		847A3CE2296D163300BF6793 /* AuthViewModel.swift */ = {isa = PBXFileReference; lastKnownFileType = sourcecode.swift; path = AuthViewModel.swift; sourceTree = "<group>"; };
		847A3CE4296D169600BF6793 /* MotherView.swift */ = {isa = PBXFileReference; lastKnownFileType = sourcecode.swift; path = MotherView.swift; sourceTree = "<group>"; };
		847A3CE7296D184200BF6793 /* TabBarView.swift */ = {isa = PBXFileReference; lastKnownFileType = sourcecode.swift; path = TabBarView.swift; sourceTree = "<group>"; };
		847A3CEB296D192800BF6793 /* SettingsPage.swift */ = {isa = PBXFileReference; lastKnownFileType = sourcecode.swift; path = SettingsPage.swift; sourceTree = "<group>"; };
		847A3CED296D198F00BF6793 /* LoginPage.swift */ = {isa = PBXFileReference; lastKnownFileType = sourcecode.swift; path = LoginPage.swift; sourceTree = "<group>"; };
		847A3CEF296D19E200BF6793 /* RegisterPage.swift */ = {isa = PBXFileReference; lastKnownFileType = sourcecode.swift; path = RegisterPage.swift; sourceTree = "<group>"; };
		847A3CF1296D5B7300BF6793 /* SavedWeeklyCard.swift */ = {isa = PBXFileReference; lastKnownFileType = sourcecode.swift; path = SavedWeeklyCard.swift; sourceTree = "<group>"; };
		848008DE296D10360014CDF9 /* GoogleService-Info.plist */ = {isa = PBXFileReference; fileEncoding = 4; lastKnownFileType = text.plist.xml; path = "GoogleService-Info.plist"; sourceTree = "<group>"; };
		8499C33A2955A61D00522178 /* PdfView.swift */ = {isa = PBXFileReference; lastKnownFileType = sourcecode.swift; path = PdfView.swift; sourceTree = "<group>"; };
		8499C33C2955B6F300522178 /* Extensions.swift */ = {isa = PBXFileReference; lastKnownFileType = sourcecode.swift; path = Extensions.swift; sourceTree = "<group>"; };
		8499C33E2956C20F00522178 /* Timecard.swift */ = {isa = PBXFileReference; lastKnownFileType = sourcecode.swift; path = Timecard.swift; sourceTree = "<group>"; };
		8499C3412956CD0F00522178 /* TotalsCard.swift */ = {isa = PBXFileReference; lastKnownFileType = sourcecode.swift; path = TotalsCard.swift; sourceTree = "<group>"; };
		8499C3432956DC5700522178 /* ExpenseCard.swift */ = {isa = PBXFileReference; lastKnownFileType = sourcecode.swift; path = ExpenseCard.swift; sourceTree = "<group>"; };
		849C83902950624700132B03 /* ImagePickerView.swift */ = {isa = PBXFileReference; lastKnownFileType = sourcecode.swift; path = ImagePickerView.swift; sourceTree = "<group>"; };
		849C83932950636100132B03 /* Coordinator.swift */ = {isa = PBXFileReference; lastKnownFileType = sourcecode.swift; path = Coordinator.swift; sourceTree = "<group>"; };
		84B6222B296D098400567125 /* ViewRouter.swift */ = {isa = PBXFileReference; lastKnownFileType = sourcecode.swift; path = ViewRouter.swift; sourceTree = "<group>"; };
		9F865BFFB60107AAE0492A9F /* Pods_Time_Tracker.framework */ = {isa = PBXFileReference; explicitFileType = wrapper.framework; includeInIndex = 0; path = Pods_Time_Tracker.framework; sourceTree = BUILT_PRODUCTS_DIR; };
		D5339EA2062E7EAEFF2D111B /* Pods-Time Tracker.release.xcconfig */ = {isa = PBXFileReference; includeInIndex = 1; lastKnownFileType = text.xcconfig; name = "Pods-Time Tracker.release.xcconfig"; path = "Target Support Files/Pods-Time Tracker/Pods-Time Tracker.release.xcconfig"; sourceTree = "<group>"; };
		F7476E082EB53B8699D93975 /* Pods-Time Tracker.debug.xcconfig */ = {isa = PBXFileReference; includeInIndex = 1; lastKnownFileType = text.xcconfig; name = "Pods-Time Tracker.debug.xcconfig"; path = "Target Support Files/Pods-Time Tracker/Pods-Time Tracker.debug.xcconfig"; sourceTree = "<group>"; };
/* End PBXFileReference section */

/* Begin PBXFrameworksBuildPhase section */
		841701B32940A4C100FA9658 /* Frameworks */ = {
			isa = PBXFrameworksBuildPhase;
			buildActionMask = 2147483647;
			files = (
				F7C20B68A44BCF132E05BA5A /* Pods_Time_Tracker.framework in Frameworks */,
			);
			runOnlyForDeploymentPostprocessing = 0;
		};
/* End PBXFrameworksBuildPhase section */

/* Begin PBXGroup section */
		6F1FBACE4F5AE7B30EC08265 /* Pods */ = {
			isa = PBXGroup;
			children = (
				F7476E082EB53B8699D93975 /* Pods-Time Tracker.debug.xcconfig */,
				D5339EA2062E7EAEFF2D111B /* Pods-Time Tracker.release.xcconfig */,
			);
			path = Pods;
			sourceTree = "<group>";
		};
		840BCC37296FC0B700738A06 /* Mail */ = {
			isa = PBXGroup;
			children = (
				840BCC38296FC0DD00738A06 /* MailViewModel.swift */,
			);
			path = Mail;
			sourceTree = "<group>";
		};
		841701AD2940A4C100FA9658 = {
			isa = PBXGroup;
			children = (
				841701B82940A4C100FA9658 /* Time Tracker */,
				841701B72940A4C100FA9658 /* Products */,
				6F1FBACE4F5AE7B30EC08265 /* Pods */,
				D2C4E3DF94B21A520C214C17 /* Frameworks */,
			);
			sourceTree = "<group>";
		};
		841701B72940A4C100FA9658 /* Products */ = {
			isa = PBXGroup;
			children = (
				841701B62940A4C100FA9658 /* Time Tracker.app */,
			);
			name = Products;
			sourceTree = "<group>";
		};
		841701B82940A4C100FA9658 /* Time Tracker */ = {
			isa = PBXGroup;
			children = (
				847A3CE9296D190D00BF6793 /* Settings */,
				847A3CE6296D182F00BF6793 /* Tab Bar */,
				84B6222A296CCE9C00567125 /* Routing */,
				84B62229296CCE9200567125 /* Notifications */,
				844D23A1295CDE8D00AD5191 /* Location */,
				844D23A0295CDE7B00AD5191 /* Auth */,
				844D239F295CDE4600AD5191 /* Timesheets */,
				841701B92940A4C100FA9658 /* Time_TrackerApp.swift */,
				8422884629474E9100467096 /* DataManager */,
				841701C92940A5DF00FA9658 /* Time Tracker.xcdatamodeld */,
				848008DE296D10360014CDF9 /* GoogleService-Info.plist */,
				841701BD2940A4C300FA9658 /* Assets.xcassets */,
				841701BF2940A4C300FA9658 /* Preview Content */,
			);
			path = "Time Tracker";
			sourceTree = "<group>";
		};
		841701BF2940A4C300FA9658 /* Preview Content */ = {
			isa = PBXGroup;
			children = (
				841701C02940A4C300FA9658 /* Preview Assets.xcassets */,
			);
			path = "Preview Content";
			sourceTree = "<group>";
		};
		842288332944275100467096 /* Parent Views */ = {
			isa = PBXGroup;
			children = (
				841701D02941937500FA9658 /* MainDetailView.swift */,
				841701BB2940A4C100FA9658 /* HomeView.swift */,
			);
			path = "Parent Views";
			sourceTree = "<group>";
		};
		84228842294732C100467096 /* Models */ = {
			isa = PBXGroup;
			children = (
				842288402947302A00467096 /* TimecardModel.swift */,
			);
			path = Models;
			sourceTree = "<group>";
		};
		8422884329474E0A00467096 /* AddViews */ = {
			isa = PBXGroup;
			children = (
				841701D2294196EC00FA9658 /* AddNewEmployeeView.swift */,
				841701D62941C62F00FA9658 /* AddTimeCardView.swift */,
				847A3CF1296D5B7300BF6793 /* SavedWeeklyCard.swift */,
			);
			path = AddViews;
			sourceTree = "<group>";
		};
		8422884429474E3D00467096 /* ChildDetailViews */ = {
			isa = PBXGroup;
			children = (
				841701D8294204D000FA9658 /* DailyDetailView.swift */,
				841701D42941AE1F00FA9658 /* SavedTimecardDetailView.swift */,
			);
			path = ChildDetailViews;
			sourceTree = "<group>";
		};
		8422884529474E7400467096 /* ChildEditViews */ = {
			isa = PBXGroup;
			children = (
				8422883E2946DC6F00467096 /* TimecardEditView.swift */,
				844D23A4295CE82E00AD5191 /* SavedTimecardEditView.swift */,
			);
			path = ChildEditViews;
			sourceTree = "<group>";
		};
		8422884629474E9100467096 /* DataManager */ = {
			isa = PBXGroup;
			children = (
				841701C72940A50200FA9658 /* DataController.swift */,
			);
			path = DataManager;
			sourceTree = "<group>";
		};
		842288492947E92600467096 /* Components */ = {
			isa = PBXGroup;
			children = (
				843344FF2952FBA200E79DBE /* HCard.swift */,
				8499C33A2955A61D00522178 /* PdfView.swift */,
				8499C33E2956C20F00522178 /* Timecard.swift */,
				8499C3412956CD0F00522178 /* TotalsCard.swift */,
				8499C3432956DC5700522178 /* ExpenseCard.swift */,
				840BCC35296EC07F00738A06 /* PDFViewSaved.swift */,
			);
			path = Components;
			sourceTree = "<group>";
		};
		844D239F295CDE4600AD5191 /* Timesheets */ = {
			isa = PBXGroup;
			children = (
				840BCC37296FC0B700738A06 /* Mail */,
				844D23A2295CDEBD00AD5191 /* Image */,
				8422884529474E7400467096 /* ChildEditViews */,
				84228842294732C100467096 /* Models */,
				8422884429474E3D00467096 /* ChildDetailViews */,
				8422884329474E0A00467096 /* AddViews */,
				842288332944275100467096 /* Parent Views */,
				842288492947E92600467096 /* Components */,
			);
			path = Timesheets;
			sourceTree = "<group>";
		};
		844D23A0295CDE7B00AD5191 /* Auth */ = {
			isa = PBXGroup;
			children = (
				847A3CD1296D13EC00BF6793 /* Views */,
				847A3CD0296D13E200BF6793 /* View Models */,
				847A3CCF296D13D100BF6793 /* Auth Service */,
				847A3CCE296D13B700BF6793 /* User Profile */,
			);
			path = Auth;
			sourceTree = "<group>";
		};
		844D23A1295CDE8D00AD5191 /* Location */ = {
			isa = PBXGroup;
			children = (
				84794647297930C7000FFBB9 /* Models */,
				847A3CC7296D128600BF6793 /* Views */,
				847A3CC6296D127C00BF6793 /* ViewModels */,
			);
			path = Location;
			sourceTree = "<group>";
		};
		844D23A2295CDEBD00AD5191 /* Image */ = {
			isa = PBXGroup;
			children = (
				844D23A3295CDEE300AD5191 /* Views */,
				849C83922950634800132B03 /* Coordinator */,
				8499C3402956CBBC00522178 /* Extensions */,
			);
			path = Image;
			sourceTree = "<group>";
		};
		844D23A3295CDEE300AD5191 /* Views */ = {
			isa = PBXGroup;
			children = (
				849C83902950624700132B03 /* ImagePickerView.swift */,
			);
			path = Views;
			sourceTree = "<group>";
		};
		84794647297930C7000FFBB9 /* Models */ = {
			isa = PBXGroup;
			children = (
				84794648297930DA000FFBB9 /* Project.swift */,
			);
			path = Models;
			sourceTree = "<group>";
		};
		847A3CC6296D127C00BF6793 /* ViewModels */ = {
			isa = PBXGroup;
			children = (
				847A3CC4296D123800BF6793 /* MapViewModel.swift */,
				847A3CCC296D134C00BF6793 /* ObserverModel.swift */,
				8479464C297CF3D8000FFBB9 /* CreateProjectMapView.swift */,
				844F28732983926B007A075E /* ProjectStreetViewModel.swift */,
			);
			path = ViewModels;
			sourceTree = "<group>";
		};
		847A3CC7296D128600BF6793 /* Views */ = {
			isa = PBXGroup;
			children = (
				847A3CCA296D12B900BF6793 /* MapViewTimeLine.swift */,
				8479464A297A5E97000FFBB9 /* CreateProjectView.swift */,
				8479465329834390000FFBB9 /* ProjectView.swift */,
				8479465529837A92000FFBB9 /* CheckInView.swift */,
			);
			path = Views;
			sourceTree = "<group>";
		};
		847A3CCE296D13B700BF6793 /* User Profile */ = {
			isa = PBXGroup;
			children = (
				847A3CD4296D146C00BF6793 /* Views */,
				847A3CD9296D14BD00BF6793 /* Models */,
			);
			path = "User Profile";
			sourceTree = "<group>";
		};
		847A3CCF296D13D100BF6793 /* Auth Service */ = {
			isa = PBXGroup;
			children = (
				847A3CDA296D14EC00BF6793 /* AuthenticationService.swift */,
			);
			path = "Auth Service";
			sourceTree = "<group>";
		};
		847A3CD0296D13E200BF6793 /* View Models */ = {
			isa = PBXGroup;
			children = (
				847A3CDE296D15C400BF6793 /* LoginViewModel.swift */,
				847A3CE0296D15F200BF6793 /* RegisterViewModel.swift */,
				847A3CE2296D163300BF6793 /* AuthViewModel.swift */,
			);
			path = "View Models";
			sourceTree = "<group>";
		};
		847A3CD1296D13EC00BF6793 /* Views */ = {
			isa = PBXGroup;
			children = (
				847A3CED296D198F00BF6793 /* LoginPage.swift */,
				847A3CEF296D19E200BF6793 /* RegisterPage.swift */,
			);
			path = Views;
			sourceTree = "<group>";
		};
		847A3CD4296D146C00BF6793 /* Views */ = {
			isa = PBXGroup;
			children = (
				847A3CD5296D147E00BF6793 /* UserDetailView.swift */,
				847A3CD7296D149E00BF6793 /* UserListView.swift */,
			);
			path = Views;
			sourceTree = "<group>";
		};
		847A3CD9296D14BD00BF6793 /* Models */ = {
			isa = PBXGroup;
			children = (
				847A3CD2296D143000BF6793 /* UserProfileRepository.swift */,
			);
			path = Models;
			sourceTree = "<group>";
		};
		847A3CE6296D182F00BF6793 /* Tab Bar */ = {
			isa = PBXGroup;
			children = (
				847A3CE7296D184200BF6793 /* TabBarView.swift */,
			);
			path = "Tab Bar";
			sourceTree = "<group>";
		};
		847A3CE9296D190D00BF6793 /* Settings */ = {
			isa = PBXGroup;
			children = (
				847A3CEA296D191700BF6793 /* Views */,
			);
			path = Settings;
			sourceTree = "<group>";
		};
		847A3CEA296D191700BF6793 /* Views */ = {
			isa = PBXGroup;
			children = (
				847A3CEB296D192800BF6793 /* SettingsPage.swift */,
			);
			path = Views;
			sourceTree = "<group>";
		};
		8499C3402956CBBC00522178 /* Extensions */ = {
			isa = PBXGroup;
			children = (
				8499C33C2955B6F300522178 /* Extensions.swift */,
			);
			path = Extensions;
			sourceTree = "<group>";
		};
		849C83922950634800132B03 /* Coordinator */ = {
			isa = PBXGroup;
			children = (
				849C83932950636100132B03 /* Coordinator.swift */,
			);
			path = Coordinator;
			sourceTree = "<group>";
		};
		84B62229296CCE9200567125 /* Notifications */ = {
			isa = PBXGroup;
			children = (
				847A3CDC296D157300BF6793 /* UserNotifications.swift */,
			);
			path = Notifications;
			sourceTree = "<group>";
		};
		84B6222A296CCE9C00567125 /* Routing */ = {
			isa = PBXGroup;
			children = (
				84B6222B296D098400567125 /* ViewRouter.swift */,
				847A3CE4296D169600BF6793 /* MotherView.swift */,
			);
			path = Routing;
			sourceTree = "<group>";
		};
		D2C4E3DF94B21A520C214C17 /* Frameworks */ = {
			isa = PBXGroup;
			children = (
				9F865BFFB60107AAE0492A9F /* Pods_Time_Tracker.framework */,
			);
			name = Frameworks;
			sourceTree = "<group>";
		};
/* End PBXGroup section */

/* Begin PBXNativeTarget section */
		841701B52940A4C100FA9658 /* Time Tracker */ = {
			isa = PBXNativeTarget;
			buildConfigurationList = 841701C42940A4C300FA9658 /* Build configuration list for PBXNativeTarget "Time Tracker" */;
			buildPhases = (
				4D91571C12DDF9D53FF56864 /* [CP] Check Pods Manifest.lock */,
				841701B22940A4C100FA9658 /* Sources */,
				841701B32940A4C100FA9658 /* Frameworks */,
				841701B42940A4C100FA9658 /* Resources */,
				4384C42F8C3160411375AF6F /* [CP] Embed Pods Frameworks */,
				A19623F75239F2CD1A7BE57C /* [CP] Copy Pods Resources */,
			);
			buildRules = (
			);
			dependencies = (
			);
			name = "Time Tracker";
			productName = "Time Tracker";
			productReference = 841701B62940A4C100FA9658 /* Time Tracker.app */;
			productType = "com.apple.product-type.application";
		};
/* End PBXNativeTarget section */

/* Begin PBXProject section */
		841701AE2940A4C100FA9658 /* Project object */ = {
			isa = PBXProject;
			attributes = {
				BuildIndependentTargetsInParallel = 1;
				LastSwiftUpdateCheck = 1410;
				LastUpgradeCheck = 1410;
				TargetAttributes = {
					841701B52940A4C100FA9658 = {
						CreatedOnToolsVersion = 14.1;
					};
				};
			};
			buildConfigurationList = 841701B12940A4C100FA9658 /* Build configuration list for PBXProject "Time Tracker" */;
			compatibilityVersion = "Xcode 14.0";
			developmentRegion = en;
			hasScannedForEncodings = 0;
			knownRegions = (
				en,
				Base,
			);
			mainGroup = 841701AD2940A4C100FA9658;
			productRefGroup = 841701B72940A4C100FA9658 /* Products */;
			projectDirPath = "";
			projectRoot = "";
			targets = (
				841701B52940A4C100FA9658 /* Time Tracker */,
			);
		};
/* End PBXProject section */

/* Begin PBXResourcesBuildPhase section */
		841701B42940A4C100FA9658 /* Resources */ = {
			isa = PBXResourcesBuildPhase;
			buildActionMask = 2147483647;
			files = (
				848008DF296D10360014CDF9 /* GoogleService-Info.plist in Resources */,
				841701C12940A4C300FA9658 /* Preview Assets.xcassets in Resources */,
				841701BE2940A4C300FA9658 /* Assets.xcassets in Resources */,
			);
			runOnlyForDeploymentPostprocessing = 0;
		};
/* End PBXResourcesBuildPhase section */

/* Begin PBXShellScriptBuildPhase section */
		4384C42F8C3160411375AF6F /* [CP] Embed Pods Frameworks */ = {
			isa = PBXShellScriptBuildPhase;
			buildActionMask = 2147483647;
			files = (
			);
			inputFileListPaths = (
				"${PODS_ROOT}/Target Support Files/Pods-Time Tracker/Pods-Time Tracker-frameworks-${CONFIGURATION}-input-files.xcfilelist",
			);
			name = "[CP] Embed Pods Frameworks";
			outputFileListPaths = (
				"${PODS_ROOT}/Target Support Files/Pods-Time Tracker/Pods-Time Tracker-frameworks-${CONFIGURATION}-output-files.xcfilelist",
			);
			runOnlyForDeploymentPostprocessing = 0;
			shellPath = /bin/sh;
			shellScript = "\"${PODS_ROOT}/Target Support Files/Pods-Time Tracker/Pods-Time Tracker-frameworks.sh\"\n";
			showEnvVarsInLog = 0;
		};
		4D91571C12DDF9D53FF56864 /* [CP] Check Pods Manifest.lock */ = {
			isa = PBXShellScriptBuildPhase;
			buildActionMask = 2147483647;
			files = (
			);
			inputFileListPaths = (
			);
			inputPaths = (
				"${PODS_PODFILE_DIR_PATH}/Podfile.lock",
				"${PODS_ROOT}/Manifest.lock",
			);
			name = "[CP] Check Pods Manifest.lock";
			outputFileListPaths = (
			);
			outputPaths = (
				"$(DERIVED_FILE_DIR)/Pods-Time Tracker-checkManifestLockResult.txt",
			);
			runOnlyForDeploymentPostprocessing = 0;
			shellPath = /bin/sh;
			shellScript = "diff \"${PODS_PODFILE_DIR_PATH}/Podfile.lock\" \"${PODS_ROOT}/Manifest.lock\" > /dev/null\nif [ $? != 0 ] ; then\n    # print error to STDERR\n    echo \"error: The sandbox is not in sync with the Podfile.lock. Run 'pod install' or update your CocoaPods installation.\" >&2\n    exit 1\nfi\n# This output is used by Xcode 'outputs' to avoid re-running this script phase.\necho \"SUCCESS\" > \"${SCRIPT_OUTPUT_FILE_0}\"\n";
			showEnvVarsInLog = 0;
		};
		A19623F75239F2CD1A7BE57C /* [CP] Copy Pods Resources */ = {
			isa = PBXShellScriptBuildPhase;
			buildActionMask = 2147483647;
			files = (
			);
			inputFileListPaths = (
				"${PODS_ROOT}/Target Support Files/Pods-Time Tracker/Pods-Time Tracker-resources-${CONFIGURATION}-input-files.xcfilelist",
			);
			name = "[CP] Copy Pods Resources";
			outputFileListPaths = (
				"${PODS_ROOT}/Target Support Files/Pods-Time Tracker/Pods-Time Tracker-resources-${CONFIGURATION}-output-files.xcfilelist",
			);
			runOnlyForDeploymentPostprocessing = 0;
			shellPath = /bin/sh;
			shellScript = "\"${PODS_ROOT}/Target Support Files/Pods-Time Tracker/Pods-Time Tracker-resources.sh\"\n";
			showEnvVarsInLog = 0;
		};
/* End PBXShellScriptBuildPhase section */

/* Begin PBXSourcesBuildPhase section */
		841701B22940A4C100FA9658 /* Sources */ = {
			isa = PBXSourcesBuildPhase;
			buildActionMask = 2147483647;
			files = (
				847A3CE8296D184200BF6793 /* TabBarView.swift in Sources */,
				8499C33F2956C20F00522178 /* Timecard.swift in Sources */,
				847A3CDD296D157300BF6793 /* UserNotifications.swift in Sources */,
				847A3CD3296D143000BF6793 /* UserProfileRepository.swift in Sources */,
				847A3CCD296D134C00BF6793 /* ObserverModel.swift in Sources */,
				841701CB2940A5DF00FA9658 /* Time Tracker.xcdatamodeld in Sources */,
				847A3CD6296D147E00BF6793 /* UserDetailView.swift in Sources */,
				842288412947302A00467096 /* TimecardModel.swift in Sources */,
				844D23A5295CE82E00AD5191 /* SavedTimecardEditView.swift in Sources */,
				847A3CDF296D15C400BF6793 /* LoginViewModel.swift in Sources */,
				84794649297930DA000FFBB9 /* Project.swift in Sources */,
				8422883F2946DC6F00467096 /* TimecardEditView.swift in Sources */,
				841701D9294204D000FA9658 /* DailyDetailView.swift in Sources */,
				840BCC36296EC07F00738A06 /* PDFViewSaved.swift in Sources */,
				843345002952FBA200E79DBE /* HCard.swift in Sources */,
				847A3CE3296D163300BF6793 /* AuthViewModel.swift in Sources */,
				841701D12941937500FA9658 /* MainDetailView.swift in Sources */,
				8479465629837A92000FFBB9 /* CheckInView.swift in Sources */,
				849C83942950636100132B03 /* Coordinator.swift in Sources */,
				8479464B297A5E97000FFBB9 /* CreateProjectView.swift in Sources */,
				8499C3422956CD0F00522178 /* TotalsCard.swift in Sources */,
				8479464D297CF3D8000FFBB9 /* CreateProjectMapView.swift in Sources */,
				841701D72941C62F00FA9658 /* AddTimeCardView.swift in Sources */,
				841701D52941AE1F00FA9658 /* SavedTimecardDetailView.swift in Sources */,
				847A3CEC296D192800BF6793 /* SettingsPage.swift in Sources */,
				841701BC2940A4C100FA9658 /* HomeView.swift in Sources */,
				847A3CE1296D15F200BF6793 /* RegisterViewModel.swift in Sources */,
				849C83912950624700132B03 /* ImagePickerView.swift in Sources */,
				8499C33D2955B6F300522178 /* Extensions.swift in Sources */,
				84B6222C296D098400567125 /* ViewRouter.swift in Sources */,
				847A3CD8296D149E00BF6793 /* UserListView.swift in Sources */,
				847A3CCB296D12B900BF6793 /* MapViewTimeLine.swift in Sources */,
				8499C3442956DC5700522178 /* ExpenseCard.swift in Sources */,
				847A3CEE296D198F00BF6793 /* LoginPage.swift in Sources */,
				847A3CF0296D19E200BF6793 /* RegisterPage.swift in Sources */,
				8479465429834390000FFBB9 /* ProjectView.swift in Sources */,
				847A3CF2296D5B7300BF6793 /* SavedWeeklyCard.swift in Sources */,
				847A3CC5296D123800BF6793 /* MapViewModel.swift in Sources */,
				8499C33B2955A61D00522178 /* PdfView.swift in Sources */,
				847A3CE5296D169600BF6793 /* MotherView.swift in Sources */,
				841701C82940A50200FA9658 /* DataController.swift in Sources */,
				841701D3294196EC00FA9658 /* AddNewEmployeeView.swift in Sources */,
				841701BA2940A4C100FA9658 /* Time_TrackerApp.swift in Sources */,
				847A3CDB296D14EC00BF6793 /* AuthenticationService.swift in Sources */,
				840BCC39296FC0DD00738A06 /* MailViewModel.swift in Sources */,
				844F28742983926B007A075E /* ProjectStreetViewModel.swift in Sources */,
			);
			runOnlyForDeploymentPostprocessing = 0;
		};
/* End PBXSourcesBuildPhase section */

/* Begin XCBuildConfiguration section */
		841701C22940A4C300FA9658 /* Debug */ = {
			isa = XCBuildConfiguration;
			buildSettings = {
				ALWAYS_SEARCH_USER_PATHS = NO;
				CLANG_ANALYZER_NONNULL = YES;
				CLANG_ANALYZER_NUMBER_OBJECT_CONVERSION = YES_AGGRESSIVE;
				CLANG_CXX_LANGUAGE_STANDARD = "gnu++20";
				CLANG_ENABLE_MODULES = YES;
				CLANG_ENABLE_OBJC_ARC = YES;
				CLANG_ENABLE_OBJC_WEAK = YES;
				CLANG_WARN_BLOCK_CAPTURE_AUTORELEASING = YES;
				CLANG_WARN_BOOL_CONVERSION = YES;
				CLANG_WARN_COMMA = YES;
				CLANG_WARN_CONSTANT_CONVERSION = YES;
				CLANG_WARN_DEPRECATED_OBJC_IMPLEMENTATIONS = YES;
				CLANG_WARN_DIRECT_OBJC_ISA_USAGE = YES_ERROR;
				CLANG_WARN_DOCUMENTATION_COMMENTS = YES;
				CLANG_WARN_EMPTY_BODY = YES;
				CLANG_WARN_ENUM_CONVERSION = YES;
				CLANG_WARN_INFINITE_RECURSION = YES;
				CLANG_WARN_INT_CONVERSION = YES;
				CLANG_WARN_NON_LITERAL_NULL_CONVERSION = YES;
				CLANG_WARN_OBJC_IMPLICIT_RETAIN_SELF = YES;
				CLANG_WARN_OBJC_LITERAL_CONVERSION = YES;
				CLANG_WARN_OBJC_ROOT_CLASS = YES_ERROR;
				CLANG_WARN_QUOTED_INCLUDE_IN_FRAMEWORK_HEADER = YES;
				CLANG_WARN_RANGE_LOOP_ANALYSIS = YES;
				CLANG_WARN_STRICT_PROTOTYPES = YES;
				CLANG_WARN_SUSPICIOUS_MOVE = YES;
				CLANG_WARN_UNGUARDED_AVAILABILITY = YES_AGGRESSIVE;
				CLANG_WARN_UNREACHABLE_CODE = YES;
				CLANG_WARN__DUPLICATE_METHOD_MATCH = YES;
				COPY_PHASE_STRIP = NO;
				DEBUG_INFORMATION_FORMAT = dwarf;
				ENABLE_STRICT_OBJC_MSGSEND = YES;
				ENABLE_TESTABILITY = YES;
				GCC_C_LANGUAGE_STANDARD = gnu11;
				GCC_DYNAMIC_NO_PIC = NO;
				GCC_NO_COMMON_BLOCKS = YES;
				GCC_OPTIMIZATION_LEVEL = 0;
				GCC_PREPROCESSOR_DEFINITIONS = (
					"DEBUG=1",
					"$(inherited)",
				);
				GCC_WARN_64_TO_32_BIT_CONVERSION = YES;
				GCC_WARN_ABOUT_RETURN_TYPE = YES_ERROR;
				GCC_WARN_UNDECLARED_SELECTOR = YES;
				GCC_WARN_UNINITIALIZED_AUTOS = YES_AGGRESSIVE;
				GCC_WARN_UNUSED_FUNCTION = YES;
				GCC_WARN_UNUSED_VARIABLE = YES;
				IPHONEOS_DEPLOYMENT_TARGET = 16.2;
				MTL_ENABLE_DEBUG_INFO = INCLUDE_SOURCE;
				MTL_FAST_MATH = YES;
				ONLY_ACTIVE_ARCH = YES;
				SDKROOT = iphoneos;
				SWIFT_ACTIVE_COMPILATION_CONDITIONS = DEBUG;
				SWIFT_OPTIMIZATION_LEVEL = "-Onone";
			};
			name = Debug;
		};
		841701C32940A4C300FA9658 /* Release */ = {
			isa = XCBuildConfiguration;
			buildSettings = {
				ALWAYS_SEARCH_USER_PATHS = NO;
				CLANG_ANALYZER_NONNULL = YES;
				CLANG_ANALYZER_NUMBER_OBJECT_CONVERSION = YES_AGGRESSIVE;
				CLANG_CXX_LANGUAGE_STANDARD = "gnu++20";
				CLANG_ENABLE_MODULES = YES;
				CLANG_ENABLE_OBJC_ARC = YES;
				CLANG_ENABLE_OBJC_WEAK = YES;
				CLANG_WARN_BLOCK_CAPTURE_AUTORELEASING = YES;
				CLANG_WARN_BOOL_CONVERSION = YES;
				CLANG_WARN_COMMA = YES;
				CLANG_WARN_CONSTANT_CONVERSION = YES;
				CLANG_WARN_DEPRECATED_OBJC_IMPLEMENTATIONS = YES;
				CLANG_WARN_DIRECT_OBJC_ISA_USAGE = YES_ERROR;
				CLANG_WARN_DOCUMENTATION_COMMENTS = YES;
				CLANG_WARN_EMPTY_BODY = YES;
				CLANG_WARN_ENUM_CONVERSION = YES;
				CLANG_WARN_INFINITE_RECURSION = YES;
				CLANG_WARN_INT_CONVERSION = YES;
				CLANG_WARN_NON_LITERAL_NULL_CONVERSION = YES;
				CLANG_WARN_OBJC_IMPLICIT_RETAIN_SELF = YES;
				CLANG_WARN_OBJC_LITERAL_CONVERSION = YES;
				CLANG_WARN_OBJC_ROOT_CLASS = YES_ERROR;
				CLANG_WARN_QUOTED_INCLUDE_IN_FRAMEWORK_HEADER = YES;
				CLANG_WARN_RANGE_LOOP_ANALYSIS = YES;
				CLANG_WARN_STRICT_PROTOTYPES = YES;
				CLANG_WARN_SUSPICIOUS_MOVE = YES;
				CLANG_WARN_UNGUARDED_AVAILABILITY = YES_AGGRESSIVE;
				CLANG_WARN_UNREACHABLE_CODE = YES;
				CLANG_WARN__DUPLICATE_METHOD_MATCH = YES;
				COPY_PHASE_STRIP = NO;
				DEBUG_INFORMATION_FORMAT = "dwarf-with-dsym";
				ENABLE_NS_ASSERTIONS = NO;
				ENABLE_STRICT_OBJC_MSGSEND = YES;
				GCC_C_LANGUAGE_STANDARD = gnu11;
				GCC_NO_COMMON_BLOCKS = YES;
				GCC_WARN_64_TO_32_BIT_CONVERSION = YES;
				GCC_WARN_ABOUT_RETURN_TYPE = YES_ERROR;
				GCC_WARN_UNDECLARED_SELECTOR = YES;
				GCC_WARN_UNINITIALIZED_AUTOS = YES_AGGRESSIVE;
				GCC_WARN_UNUSED_FUNCTION = YES;
				GCC_WARN_UNUSED_VARIABLE = YES;
				IPHONEOS_DEPLOYMENT_TARGET = 16.2;
				MTL_ENABLE_DEBUG_INFO = NO;
				MTL_FAST_MATH = YES;
				SDKROOT = iphoneos;
				SWIFT_COMPILATION_MODE = wholemodule;
				SWIFT_OPTIMIZATION_LEVEL = "-O";
				VALIDATE_PRODUCT = YES;
			};
			name = Release;
		};
		841701C52940A4C300FA9658 /* Debug */ = {
			isa = XCBuildConfiguration;
			baseConfigurationReference = F7476E082EB53B8699D93975 /* Pods-Time Tracker.debug.xcconfig */;
			buildSettings = {
				ASSETCATALOG_COMPILER_APPICON_NAME = AppIcon;
				ASSETCATALOG_COMPILER_GLOBAL_ACCENT_COLOR_NAME = AccentColor;
				CODE_SIGN_STYLE = Automatic;
				CURRENT_PROJECT_VERSION = 1;
				DEVELOPMENT_ASSET_PATHS = "\"Time Tracker/Preview Content\"";
				DEVELOPMENT_TEAM = HBJP4B48D7;
				ENABLE_PREVIEWS = YES;
				GENERATE_INFOPLIST_FILE = YES;
				INFOPLIST_KEY_NSCameraUsageDescription = "TimeTracker would like to access your camera and photo library.";
				INFOPLIST_KEY_NSLocationWhenInUseUsageDescription = "This app needs to know your location.";
				INFOPLIST_KEY_UIApplicationSceneManifest_Generation = YES;
				INFOPLIST_KEY_UIApplicationSupportsIndirectInputEvents = YES;
				INFOPLIST_KEY_UILaunchScreen_Generation = YES;
				INFOPLIST_KEY_UIRequiresFullScreen = NO;
				INFOPLIST_KEY_UISupportedInterfaceOrientations = "UIInterfaceOrientationLandscapeLeft UIInterfaceOrientationLandscapeRight UIInterfaceOrientationPortrait UIInterfaceOrientationPortraitUpsideDown";
				INFOPLIST_KEY_UISupportedInterfaceOrientations_iPad = UIInterfaceOrientationPortrait;
				IPHONEOS_DEPLOYMENT_TARGET = 16.2;
				LD_RUNPATH_SEARCH_PATHS = (
					"$(inherited)",
					"@executable_path/Frameworks",
				);
				MARKETING_VERSION = 1.0;
				PRODUCT_BUNDLE_IDENTIFIER = "com.tech-apps.Time-Tracker";
				PRODUCT_NAME = "$(TARGET_NAME)";
				SWIFT_EMIT_LOC_STRINGS = YES;
				SWIFT_VERSION = 5.0;
				TARGETED_DEVICE_FAMILY = "1,2";
			};
			name = Debug;
		};
		841701C62940A4C300FA9658 /* Release */ = {
			isa = XCBuildConfiguration;
			baseConfigurationReference = D5339EA2062E7EAEFF2D111B /* Pods-Time Tracker.release.xcconfig */;
			buildSettings = {
				ASSETCATALOG_COMPILER_APPICON_NAME = AppIcon;
				ASSETCATALOG_COMPILER_GLOBAL_ACCENT_COLOR_NAME = AccentColor;
				CODE_SIGN_STYLE = Automatic;
				CURRENT_PROJECT_VERSION = 1;
				DEVELOPMENT_ASSET_PATHS = "\"Time Tracker/Preview Content\"";
				DEVELOPMENT_TEAM = HBJP4B48D7;
				ENABLE_PREVIEWS = YES;
				GENERATE_INFOPLIST_FILE = YES;
				INFOPLIST_KEY_NSCameraUsageDescription = "TimeTracker would like to access your camera and photo library.";
				INFOPLIST_KEY_NSLocationWhenInUseUsageDescription = "This app needs to know your location.";
				INFOPLIST_KEY_UIApplicationSceneManifest_Generation = YES;
				INFOPLIST_KEY_UIApplicationSupportsIndirectInputEvents = YES;
				INFOPLIST_KEY_UILaunchScreen_Generation = YES;
				INFOPLIST_KEY_UIRequiresFullScreen = NO;
				INFOPLIST_KEY_UISupportedInterfaceOrientations = "UIInterfaceOrientationLandscapeLeft UIInterfaceOrientationLandscapeRight UIInterfaceOrientationPortrait UIInterfaceOrientationPortraitUpsideDown";
				INFOPLIST_KEY_UISupportedInterfaceOrientations_iPad = UIInterfaceOrientationPortrait;
				IPHONEOS_DEPLOYMENT_TARGET = 16.2;
				LD_RUNPATH_SEARCH_PATHS = (
					"$(inherited)",
					"@executable_path/Frameworks",
				);
				MARKETING_VERSION = 1.0;
				PRODUCT_BUNDLE_IDENTIFIER = "com.tech-apps.Time-Tracker";
				PRODUCT_NAME = "$(TARGET_NAME)";
				SWIFT_EMIT_LOC_STRINGS = YES;
				SWIFT_VERSION = 5.0;
				TARGETED_DEVICE_FAMILY = "1,2";
			};
			name = Release;
		};
/* End XCBuildConfiguration section */

/* Begin XCConfigurationList section */
		841701B12940A4C100FA9658 /* Build configuration list for PBXProject "Time Tracker" */ = {
			isa = XCConfigurationList;
			buildConfigurations = (
				841701C22940A4C300FA9658 /* Debug */,
				841701C32940A4C300FA9658 /* Release */,
			);
			defaultConfigurationIsVisible = 0;
			defaultConfigurationName = Release;
		};
		841701C42940A4C300FA9658 /* Build configuration list for PBXNativeTarget "Time Tracker" */ = {
			isa = XCConfigurationList;
			buildConfigurations = (
				841701C52940A4C300FA9658 /* Debug */,
				841701C62940A4C300FA9658 /* Release */,
			);
			defaultConfigurationIsVisible = 0;
			defaultConfigurationName = Release;
		};
/* End XCConfigurationList section */

/* Begin XCVersionGroup section */
		841701C92940A5DF00FA9658 /* Time Tracker.xcdatamodeld */ = {
			isa = XCVersionGroup;
			children = (
				841701CA2940A5DF00FA9658 /* Time Tracker.xcdatamodel */,
			);
			currentVersion = 841701CA2940A5DF00FA9658 /* Time Tracker.xcdatamodel */;
			path = "Time Tracker.xcdatamodeld";
			sourceTree = "<group>";
			versionGroupType = wrapper.xcdatamodel;
		};
/* End XCVersionGroup section */
	};
	rootObject = 841701AE2940A4C100FA9658 /* Project object */;
}
